// !$*UTF8*$!
{
	archiveVersion = 1;
	classes = {
	};
	objectVersion = 46;
	objects = {

/* Begin PBXBuildFile section */
		611400BD1CEBAA100075FDB8 /* CurrentSkaterTabBarItem.swift in Sources */ = {isa = PBXBuildFile; fileRef = 611400BC1CEBAA100075FDB8 /* CurrentSkaterTabBarItem.swift */; };
		6118AEC61CEF82E500B78316 /* InformationView.swift in Sources */ = {isa = PBXBuildFile; fileRef = 6118AEC51CEF82E500B78316 /* InformationView.swift */; };
		6121CA911CF1DBD1002B92BF /* EventDetailTableViewController.swift in Sources */ = {isa = PBXBuildFile; fileRef = 6121CA901CF1DBD1002B92BF /* EventDetailTableViewController.swift */; };
		6121CA931CF1E918002B92BF /* ImageManager.swift in Sources */ = {isa = PBXBuildFile; fileRef = 6121CA921CF1E918002B92BF /* ImageManager.swift */; };
		612C84FB1C9DCA8800F3AAF9 /* BritishRecordsViewController.swift in Sources */ = {isa = PBXBuildFile; fileRef = 612C84FA1C9DCA8800F3AAF9 /* BritishRecordsViewController.swift */; };
		6141C03D1CEE357C00E4C27F /* Reachability.swift in Sources */ = {isa = PBXBuildFile; fileRef = 6141C03C1CEE357C00E4C27F /* Reachability.swift */; };
		6141ECF51C9DA7AD0037DD2D /* PersonalBestsTableViewController.swift in Sources */ = {isa = PBXBuildFile; fileRef = 6141ECF41C9DA7AD0037DD2D /* PersonalBestsTableViewController.swift */; };
		6172FEDA1C9A01D200E0F8CE /* Skater.swift in Sources */ = {isa = PBXBuildFile; fileRef = 6172FED91C9A01D200E0F8CE /* Skater.swift */; };
		6172FEDC1C9B5C0500E0F8CE /* NationalRecord.swift in Sources */ = {isa = PBXBuildFile; fileRef = 6172FEDB1C9B5C0500E0F8CE /* NationalRecord.swift */; };
		61B3250F1CE8874700FB9691 /* AppSettings.swift in Sources */ = {isa = PBXBuildFile; fileRef = 61B3250E1CE8874700FB9691 /* AppSettings.swift */; };
		61B325111CE888AB00FB9691 /* ApplicationTabBarController.swift in Sources */ = {isa = PBXBuildFile; fileRef = 61B325101CE888AB00FB9691 /* ApplicationTabBarController.swift */; };
		61BDBD571C98961300271653 /* AppDelegate.swift in Sources */ = {isa = PBXBuildFile; fileRef = 61BDBD561C98961300271653 /* AppDelegate.swift */; };
		61BDBD591C98961300271653 /* FirstViewController.swift in Sources */ = {isa = PBXBuildFile; fileRef = 61BDBD581C98961300271653 /* FirstViewController.swift */; };
		61BDBD5E1C98961300271653 /* Main.storyboard in Resources */ = {isa = PBXBuildFile; fileRef = 61BDBD5C1C98961300271653 /* Main.storyboard */; settings = {ASSET_TAGS = (301, ); }; };
		61BDBD601C98961300271653 /* Assets.xcassets in Resources */ = {isa = PBXBuildFile; fileRef = 61BDBD5F1C98961300271653 /* Assets.xcassets */; };
		61BDBD631C98961300271653 /* LaunchScreen.storyboard in Resources */ = {isa = PBXBuildFile; fileRef = 61BDBD611C98961300271653 /* LaunchScreen.storyboard */; };
		61BDBD6E1C98961300271653 /* UK_Longtrack_SkatersTests.swift in Sources */ = {isa = PBXBuildFile; fileRef = 61BDBD6D1C98961300271653 /* UK_Longtrack_SkatersTests.swift */; };
		61BDBD791C98961300271653 /* UK_Longtrack_SkatersUITests.swift in Sources */ = {isa = PBXBuildFile; fileRef = 61BDBD781C98961300271653 /* UK_Longtrack_SkatersUITests.swift */; };
		61BDBD8A1C98976500271653 /* SkatersViewController.swift in Sources */ = {isa = PBXBuildFile; fileRef = 61BDBD891C98976500271653 /* SkatersViewController.swift */; };
		61BDBD8D1C989F0900271653 /* SpeedSkatingResultsApi.swift in Sources */ = {isa = PBXBuildFile; fileRef = 61BDBD8C1C989F0900271653 /* SpeedSkatingResultsApi.swift */; };
		61D9268C1CF08E5A0029D530 /* EventListTableViewController.swift in Sources */ = {isa = PBXBuildFile; fileRef = 61D9268B1CF08E5A0029D530 /* EventListTableViewController.swift */; };
		61D9268E1CF08ECF0029D530 /* Event.swift in Sources */ = {isa = PBXBuildFile; fileRef = 61D9268D1CF08ECF0029D530 /* Event.swift */; };
		61D926911CF098410029D530 /* DemoData.swift in Sources */ = {isa = PBXBuildFile; fileRef = 61D926901CF098410029D530 /* DemoData.swift */; };
		61D926931CF0997F0029D530 /* ImageViewController.swift in Sources */ = {isa = PBXBuildFile; fileRef = 61D926921CF0997F0029D530 /* ImageViewController.swift */; };
/* End PBXBuildFile section */

/* Begin PBXContainerItemProxy section */
		61BDBD6A1C98961300271653 /* PBXContainerItemProxy */ = {
			isa = PBXContainerItemProxy;
			containerPortal = 61BDBD4B1C98961300271653 /* Project object */;
			proxyType = 1;
			remoteGlobalIDString = 61BDBD521C98961300271653;
			remoteInfo = UK_Longtrack_Skaters;
		};
		61BDBD751C98961300271653 /* PBXContainerItemProxy */ = {
			isa = PBXContainerItemProxy;
			containerPortal = 61BDBD4B1C98961300271653 /* Project object */;
			proxyType = 1;
			remoteGlobalIDString = 61BDBD521C98961300271653;
			remoteInfo = UK_Longtrack_Skaters;
		};
/* End PBXContainerItemProxy section */

/* Begin PBXFileReference section */
		611400BC1CEBAA100075FDB8 /* CurrentSkaterTabBarItem.swift */ = {isa = PBXFileReference; fileEncoding = 4; lastKnownFileType = sourcecode.swift; path = CurrentSkaterTabBarItem.swift; sourceTree = "<group>"; };
		6118AEC51CEF82E500B78316 /* InformationView.swift */ = {isa = PBXFileReference; fileEncoding = 4; lastKnownFileType = sourcecode.swift; path = InformationView.swift; sourceTree = "<group>"; };
		6121CA901CF1DBD1002B92BF /* EventDetailTableViewController.swift */ = {isa = PBXFileReference; fileEncoding = 4; lastKnownFileType = sourcecode.swift; name = EventDetailTableViewController.swift; path = ViewControllers/EventDetailTableViewController.swift; sourceTree = "<group>"; };
		6121CA921CF1E918002B92BF /* ImageManager.swift */ = {isa = PBXFileReference; fileEncoding = 4; lastKnownFileType = sourcecode.swift; path = ImageManager.swift; sourceTree = "<group>"; };
		612C84FA1C9DCA8800F3AAF9 /* BritishRecordsViewController.swift */ = {isa = PBXFileReference; fileEncoding = 4; lastKnownFileType = sourcecode.swift; name = BritishRecordsViewController.swift; path = ViewControllers/BritishRecordsViewController.swift; sourceTree = "<group>"; };
		6141C03C1CEE357C00E4C27F /* Reachability.swift */ = {isa = PBXFileReference; fileEncoding = 4; lastKnownFileType = sourcecode.swift; path = Reachability.swift; sourceTree = "<group>"; };
		6141ECF41C9DA7AD0037DD2D /* PersonalBestsTableViewController.swift */ = {isa = PBXFileReference; fileEncoding = 4; lastKnownFileType = sourcecode.swift; name = PersonalBestsTableViewController.swift; path = ViewControllers/PersonalBestsTableViewController.swift; sourceTree = "<group>"; };
		6172FED91C9A01D200E0F8CE /* Skater.swift */ = {isa = PBXFileReference; fileEncoding = 4; lastKnownFileType = sourcecode.swift; path = Skater.swift; sourceTree = "<group>"; };
		6172FEDB1C9B5C0500E0F8CE /* NationalRecord.swift */ = {isa = PBXFileReference; fileEncoding = 4; lastKnownFileType = sourcecode.swift; path = NationalRecord.swift; sourceTree = "<group>"; };
		61B3250E1CE8874700FB9691 /* AppSettings.swift */ = {isa = PBXFileReference; fileEncoding = 4; lastKnownFileType = sourcecode.swift; path = AppSettings.swift; sourceTree = "<group>"; };
		61B325101CE888AB00FB9691 /* ApplicationTabBarController.swift */ = {isa = PBXFileReference; fileEncoding = 4; lastKnownFileType = sourcecode.swift; name = ApplicationTabBarController.swift; path = ViewControllers/ApplicationTabBarController.swift; sourceTree = "<group>"; };
		61BDBD531C98961300271653 /* UK Longtrack.app */ = {isa = PBXFileReference; explicitFileType = wrapper.application; includeInIndex = 0; path = "UK Longtrack.app"; sourceTree = BUILT_PRODUCTS_DIR; };
		61BDBD561C98961300271653 /* AppDelegate.swift */ = {isa = PBXFileReference; lastKnownFileType = sourcecode.swift; path = AppDelegate.swift; sourceTree = "<group>"; };
		61BDBD581C98961300271653 /* FirstViewController.swift */ = {isa = PBXFileReference; lastKnownFileType = sourcecode.swift; path = FirstViewController.swift; sourceTree = "<group>"; };
		61BDBD5D1C98961300271653 /* Base */ = {isa = PBXFileReference; lastKnownFileType = file.storyboard; name = Base; path = Base.lproj/Main.storyboard; sourceTree = "<group>"; };
		61BDBD5F1C98961300271653 /* Assets.xcassets */ = {isa = PBXFileReference; lastKnownFileType = folder.assetcatalog; path = Assets.xcassets; sourceTree = "<group>"; };
		61BDBD621C98961300271653 /* Base */ = {isa = PBXFileReference; lastKnownFileType = file.storyboard; name = Base; path = Base.lproj/LaunchScreen.storyboard; sourceTree = "<group>"; };
		61BDBD641C98961300271653 /* Info.plist */ = {isa = PBXFileReference; lastKnownFileType = text.plist.xml; path = Info.plist; sourceTree = "<group>"; };
		61BDBD691C98961300271653 /* uk_longtrack_skaters.temp_caseinsensitive_renameTests.xctest */ = {isa = PBXFileReference; explicitFileType = wrapper.cfbundle; includeInIndex = 0; path = uk_longtrack_skaters.temp_caseinsensitive_renameTests.xctest; sourceTree = BUILT_PRODUCTS_DIR; };
		61BDBD6D1C98961300271653 /* UK_Longtrack_SkatersTests.swift */ = {isa = PBXFileReference; lastKnownFileType = sourcecode.swift; path = UK_Longtrack_SkatersTests.swift; sourceTree = "<group>"; };
		61BDBD6F1C98961300271653 /* Info.plist */ = {isa = PBXFileReference; lastKnownFileType = text.plist.xml; path = Info.plist; sourceTree = "<group>"; };
		61BDBD741C98961300271653 /* uk_longtrack_skaters.temp_caseinsensitive_renameTests.xctest */ = {isa = PBXFileReference; explicitFileType = wrapper.cfbundle; includeInIndex = 0; path = uk_longtrack_skaters.temp_caseinsensitive_renameTests.xctest; sourceTree = BUILT_PRODUCTS_DIR; };
		61BDBD781C98961300271653 /* UK_Longtrack_SkatersUITests.swift */ = {isa = PBXFileReference; lastKnownFileType = sourcecode.swift; path = UK_Longtrack_SkatersUITests.swift; sourceTree = "<group>"; };
		61BDBD7A1C98961300271653 /* Info.plist */ = {isa = PBXFileReference; lastKnownFileType = text.plist.xml; path = Info.plist; sourceTree = "<group>"; };
		61BDBD891C98976500271653 /* SkatersViewController.swift */ = {isa = PBXFileReference; fileEncoding = 4; lastKnownFileType = sourcecode.swift; name = SkatersViewController.swift; path = ViewControllers/SkatersViewController.swift; sourceTree = "<group>"; };
		61BDBD8C1C989F0900271653 /* SpeedSkatingResultsApi.swift */ = {isa = PBXFileReference; fileEncoding = 4; lastKnownFileType = sourcecode.swift; path = SpeedSkatingResultsApi.swift; sourceTree = "<group>"; };
		61D9268B1CF08E5A0029D530 /* EventListTableViewController.swift */ = {isa = PBXFileReference; fileEncoding = 4; lastKnownFileType = sourcecode.swift; name = EventListTableViewController.swift; path = ViewControllers/EventListTableViewController.swift; sourceTree = "<group>"; };
		61D9268D1CF08ECF0029D530 /* Event.swift */ = {isa = PBXFileReference; fileEncoding = 4; lastKnownFileType = sourcecode.swift; path = Event.swift; sourceTree = "<group>"; };
		61D926901CF098410029D530 /* DemoData.swift */ = {isa = PBXFileReference; fileEncoding = 4; lastKnownFileType = sourcecode.swift; path = DemoData.swift; sourceTree = "<group>"; };
		61D926921CF0997F0029D530 /* ImageViewController.swift */ = {isa = PBXFileReference; fileEncoding = 4; lastKnownFileType = sourcecode.swift; name = ImageViewController.swift; path = "../../../../../../../Downloads/Cassini L8/Cassini/ImageViewController.swift"; sourceTree = "<group>"; };
/* End PBXFileReference section */

/* Begin PBXFrameworksBuildPhase section */
		61BDBD501C98961300271653 /* Frameworks */ = {
			isa = PBXFrameworksBuildPhase;
			buildActionMask = 2147483647;
			files = (
			);
			runOnlyForDeploymentPostprocessing = 0;
		};
		61BDBD661C98961300271653 /* Frameworks */ = {
			isa = PBXFrameworksBuildPhase;
			buildActionMask = 2147483647;
			files = (
			);
			runOnlyForDeploymentPostprocessing = 0;
		};
		61BDBD711C98961300271653 /* Frameworks */ = {
			isa = PBXFrameworksBuildPhase;
			buildActionMask = 2147483647;
			files = (
			);
			runOnlyForDeploymentPostprocessing = 0;
		};
/* End PBXFrameworksBuildPhase section */

/* Begin PBXGroup section */
		6118AEC71CEF82F400B78316 /* Views */ = {
			isa = PBXGroup;
			children = (
				6118AEC51CEF82E500B78316 /* InformationView.swift */,
			);
			name = Views;
			sourceTree = "<group>";
		};
		61BDBD4A1C98961300271653 = {
			isa = PBXGroup;
			children = (
				61BDBD551C98961300271653 /* UK_Longtrack_Skaters */,
				61BDBD6C1C98961300271653 /* UK_Longtrack_SkatersTests */,
				61BDBD771C98961300271653 /* UK_Longtrack_SkatersUITests */,
				61BDBD541C98961300271653 /* Products */,
			);
			sourceTree = "<group>";
		};
		61BDBD541C98961300271653 /* Products */ = {
			isa = PBXGroup;
			children = (
				61BDBD531C98961300271653 /* UK Longtrack.app */,
				61BDBD691C98961300271653 /* uk_longtrack_skaters.temp_caseinsensitive_renameTests.xctest */,
				61BDBD741C98961300271653 /* uk_longtrack_skaters.temp_caseinsensitive_renameTests.xctest */,
			);
			name = Products;
			sourceTree = "<group>";
		};
		61BDBD551C98961300271653 /* UK_Longtrack_Skaters */ = {
			isa = PBXGroup;
			children = (
				61D9268F1CF098300029D530 /* DemoData */,
				61BDBD8B1C989EF000271653 /* Classes */,
				61BDBD561C98961300271653 /* AppDelegate.swift */,
				61BDBD581C98961300271653 /* FirstViewController.swift */,
				61BDBD881C98972100271653 /* ViewControllers */,
				61BDBD5C1C98961300271653 /* Main.storyboard */,
				61BDBD5F1C98961300271653 /* Assets.xcassets */,
				61BDBD611C98961300271653 /* LaunchScreen.storyboard */,
				61BDBD641C98961300271653 /* Info.plist */,
				6118AEC71CEF82F400B78316 /* Views */,
			);
			path = UK_Longtrack_Skaters;
			sourceTree = "<group>";
		};
		61BDBD6C1C98961300271653 /* UK_Longtrack_SkatersTests */ = {
			isa = PBXGroup;
			children = (
				61BDBD6D1C98961300271653 /* UK_Longtrack_SkatersTests.swift */,
				61BDBD6F1C98961300271653 /* Info.plist */,
			);
			path = UK_Longtrack_SkatersTests;
			sourceTree = "<group>";
		};
		61BDBD771C98961300271653 /* UK_Longtrack_SkatersUITests */ = {
			isa = PBXGroup;
			children = (
				61BDBD781C98961300271653 /* UK_Longtrack_SkatersUITests.swift */,
				61BDBD7A1C98961300271653 /* Info.plist */,
			);
			path = UK_Longtrack_SkatersUITests;
			sourceTree = "<group>";
		};
		61BDBD881C98972100271653 /* ViewControllers */ = {
			isa = PBXGroup;
			children = (
				61D926921CF0997F0029D530 /* ImageViewController.swift */,
				61BDBD891C98976500271653 /* SkatersViewController.swift */,
				6141ECF41C9DA7AD0037DD2D /* PersonalBestsTableViewController.swift */,
				612C84FA1C9DCA8800F3AAF9 /* BritishRecordsViewController.swift */,
				61B325101CE888AB00FB9691 /* ApplicationTabBarController.swift */,
				61D9268B1CF08E5A0029D530 /* EventListTableViewController.swift */,
				6121CA901CF1DBD1002B92BF /* EventDetailTableViewController.swift */,
			);
			name = ViewControllers;
			sourceTree = "<group>";
		};
		61BDBD8B1C989EF000271653 /* Classes */ = {
			isa = PBXGroup;
			children = (
				61BDBD8C1C989F0900271653 /* SpeedSkatingResultsApi.swift */,
				6172FED91C9A01D200E0F8CE /* Skater.swift */,
				6172FEDB1C9B5C0500E0F8CE /* NationalRecord.swift */,
				61B3250E1CE8874700FB9691 /* AppSettings.swift */,
				611400BC1CEBAA100075FDB8 /* CurrentSkaterTabBarItem.swift */,
				6141C03C1CEE357C00E4C27F /* Reachability.swift */,
				61D9268D1CF08ECF0029D530 /* Event.swift */,
				6121CA921CF1E918002B92BF /* ImageManager.swift */,
			);
			name = Classes;
			sourceTree = "<group>";
		};
		61D9268F1CF098300029D530 /* DemoData */ = {
			isa = PBXGroup;
			children = (
				61D926901CF098410029D530 /* DemoData.swift */,
			);
			name = DemoData;
			sourceTree = "<group>";
		};
/* End PBXGroup section */

/* Begin PBXNativeTarget section */
		61BDBD521C98961300271653 /* UK_Longtrack_Skaters */ = {
			isa = PBXNativeTarget;
			buildConfigurationList = 61BDBD7D1C98961300271653 /* Build configuration list for PBXNativeTarget "UK_Longtrack_Skaters" */;
			buildPhases = (
				61BDBD4F1C98961300271653 /* Sources */,
				61BDBD501C98961300271653 /* Frameworks */,
				61BDBD511C98961300271653 /* Resources */,
			);
			buildRules = (
			);
			dependencies = (
			);
			name = UK_Longtrack_Skaters;
			productName = UK_Longtrack_Skaters;
			productReference = 61BDBD531C98961300271653 /* UK Longtrack.app */;
			productType = "com.apple.product-type.application";
		};
		61BDBD681C98961300271653 /* UK_Longtrack_SkatersTests */ = {
			isa = PBXNativeTarget;
			buildConfigurationList = 61BDBD801C98961300271653 /* Build configuration list for PBXNativeTarget "UK_Longtrack_SkatersTests" */;
			buildPhases = (
				61BDBD651C98961300271653 /* Sources */,
				61BDBD661C98961300271653 /* Frameworks */,
				61BDBD671C98961300271653 /* Resources */,
			);
			buildRules = (
			);
			dependencies = (
				61BDBD6B1C98961300271653 /* PBXTargetDependency */,
			);
			name = UK_Longtrack_SkatersTests;
			productName = UK_Longtrack_SkatersTests;
			productReference = 61BDBD691C98961300271653 /* uk_longtrack_skaters.temp_caseinsensitive_renameTests.xctest */;
			productType = "com.apple.product-type.bundle.unit-test";
		};
		61BDBD731C98961300271653 /* UK_Longtrack_SkatersUITests */ = {
			isa = PBXNativeTarget;
			buildConfigurationList = 61BDBD831C98961300271653 /* Build configuration list for PBXNativeTarget "UK_Longtrack_SkatersUITests" */;
			buildPhases = (
				61BDBD701C98961300271653 /* Sources */,
				61BDBD711C98961300271653 /* Frameworks */,
				61BDBD721C98961300271653 /* Resources */,
			);
			buildRules = (
			);
			dependencies = (
				61BDBD761C98961300271653 /* PBXTargetDependency */,
			);
			name = UK_Longtrack_SkatersUITests;
			productName = UK_Longtrack_SkatersUITests;
			productReference = 61BDBD741C98961300271653 /* uk_longtrack_skaters.temp_caseinsensitive_renameTests.xctest */;
			productType = "com.apple.product-type.bundle.ui-testing";
		};
/* End PBXNativeTarget section */

/* Begin PBXProject section */
		61BDBD4B1C98961300271653 /* Project object */ = {
			isa = PBXProject;
			attributes = {
				KnownAssetTags = (
					301,
				);
				LastSwiftUpdateCheck = 0720;
				LastUpgradeCheck = 0720;
				ORGANIZATIONNAME = "___ANTONCARTER___";
				TargetAttributes = {
					61BDBD521C98961300271653 = {
						CreatedOnToolsVersion = 7.2.1;
						DevelopmentTeam = XK9W28V8LC;
					};
					61BDBD681C98961300271653 = {
						CreatedOnToolsVersion = 7.2.1;
						TestTargetID = 61BDBD521C98961300271653;
					};
					61BDBD731C98961300271653 = {
						CreatedOnToolsVersion = 7.2.1;
						TestTargetID = 61BDBD521C98961300271653;
					};
				};
			};
			buildConfigurationList = 61BDBD4E1C98961300271653 /* Build configuration list for PBXProject "uk_longtrack_skaters" */;
			compatibilityVersion = "Xcode 3.2";
			developmentRegion = English;
			hasScannedForEncodings = 0;
			knownRegions = (
				en,
				Base,
			);
			mainGroup = 61BDBD4A1C98961300271653;
			productRefGroup = 61BDBD541C98961300271653 /* Products */;
			projectDirPath = "";
			projectRoot = "";
			targets = (
				61BDBD521C98961300271653 /* UK_Longtrack_Skaters */,
				61BDBD681C98961300271653 /* UK_Longtrack_SkatersTests */,
				61BDBD731C98961300271653 /* UK_Longtrack_SkatersUITests */,
			);
		};
/* End PBXProject section */

/* Begin PBXResourcesBuildPhase section */
		61BDBD511C98961300271653 /* Resources */ = {
			isa = PBXResourcesBuildPhase;
			buildActionMask = 2147483647;
			files = (
				61BDBD631C98961300271653 /* LaunchScreen.storyboard in Resources */,
				61BDBD601C98961300271653 /* Assets.xcassets in Resources */,
				61BDBD5E1C98961300271653 /* Main.storyboard in Resources */,
			);
			runOnlyForDeploymentPostprocessing = 0;
		};
		61BDBD671C98961300271653 /* Resources */ = {
			isa = PBXResourcesBuildPhase;
			buildActionMask = 2147483647;
			files = (
			);
			runOnlyForDeploymentPostprocessing = 0;
		};
		61BDBD721C98961300271653 /* Resources */ = {
			isa = PBXResourcesBuildPhase;
			buildActionMask = 2147483647;
			files = (
			);
			runOnlyForDeploymentPostprocessing = 0;
		};
/* End PBXResourcesBuildPhase section */

/* Begin PBXSourcesBuildPhase section */
		61BDBD4F1C98961300271653 /* Sources */ = {
			isa = PBXSourcesBuildPhase;
			buildActionMask = 2147483647;
			files = (
				6172FEDC1C9B5C0500E0F8CE /* NationalRecord.swift in Sources */,
				611400BD1CEBAA100075FDB8 /* CurrentSkaterTabBarItem.swift in Sources */,
				6121CA931CF1E918002B92BF /* ImageManager.swift in Sources */,
				6141C03D1CEE357C00E4C27F /* Reachability.swift in Sources */,
				6121CA911CF1DBD1002B92BF /* EventDetailTableViewController.swift in Sources */,
				61D926931CF0997F0029D530 /* ImageViewController.swift in Sources */,
				61BDBD571C98961300271653 /* AppDelegate.swift in Sources */,
				61D9268E1CF08ECF0029D530 /* Event.swift in Sources */,
				61B325111CE888AB00FB9691 /* ApplicationTabBarController.swift in Sources */,
				61BDBD8A1C98976500271653 /* SkatersViewController.swift in Sources */,
				61D9268C1CF08E5A0029D530 /* EventListTableViewController.swift in Sources */,
				61D926911CF098410029D530 /* DemoData.swift in Sources */,
				61BDBD591C98961300271653 /* FirstViewController.swift in Sources */,
				6141ECF51C9DA7AD0037DD2D /* PersonalBestsTableViewController.swift in Sources */,
				61B3250F1CE8874700FB9691 /* AppSettings.swift in Sources */,
				61BDBD8D1C989F0900271653 /* SpeedSkatingResultsApi.swift in Sources */,
				6118AEC61CEF82E500B78316 /* InformationView.swift in Sources */,
				6172FEDA1C9A01D200E0F8CE /* Skater.swift in Sources */,
				612C84FB1C9DCA8800F3AAF9 /* BritishRecordsViewController.swift in Sources */,
			);
			runOnlyForDeploymentPostprocessing = 0;
		};
		61BDBD651C98961300271653 /* Sources */ = {
			isa = PBXSourcesBuildPhase;
			buildActionMask = 2147483647;
			files = (
				61BDBD6E1C98961300271653 /* UK_Longtrack_SkatersTests.swift in Sources */,
			);
			runOnlyForDeploymentPostprocessing = 0;
		};
		61BDBD701C98961300271653 /* Sources */ = {
			isa = PBXSourcesBuildPhase;
			buildActionMask = 2147483647;
			files = (
				61BDBD791C98961300271653 /* UK_Longtrack_SkatersUITests.swift in Sources */,
			);
			runOnlyForDeploymentPostprocessing = 0;
		};
/* End PBXSourcesBuildPhase section */

/* Begin PBXTargetDependency section */
		61BDBD6B1C98961300271653 /* PBXTargetDependency */ = {
			isa = PBXTargetDependency;
			target = 61BDBD521C98961300271653 /* UK_Longtrack_Skaters */;
			targetProxy = 61BDBD6A1C98961300271653 /* PBXContainerItemProxy */;
		};
		61BDBD761C98961300271653 /* PBXTargetDependency */ = {
			isa = PBXTargetDependency;
			target = 61BDBD521C98961300271653 /* UK_Longtrack_Skaters */;
			targetProxy = 61BDBD751C98961300271653 /* PBXContainerItemProxy */;
		};
/* End PBXTargetDependency section */

/* Begin PBXVariantGroup section */
		61BDBD5C1C98961300271653 /* Main.storyboard */ = {
			isa = PBXVariantGroup;
			children = (
				61BDBD5D1C98961300271653 /* Base */,
			);
			name = Main.storyboard;
			sourceTree = "<group>";
		};
		61BDBD611C98961300271653 /* LaunchScreen.storyboard */ = {
			isa = PBXVariantGroup;
			children = (
				61BDBD621C98961300271653 /* Base */,
			);
			name = LaunchScreen.storyboard;
			sourceTree = "<group>";
		};
/* End PBXVariantGroup section */

/* Begin XCBuildConfiguration section */
		61BDBD7B1C98961300271653 /* Debug */ = {
			isa = XCBuildConfiguration;
			buildSettings = {
				ALWAYS_SEARCH_USER_PATHS = NO;
				CLANG_CXX_LANGUAGE_STANDARD = "gnu++0x";
				CLANG_CXX_LIBRARY = "libc++";
				CLANG_ENABLE_MODULES = YES;
				CLANG_ENABLE_OBJC_ARC = YES;
				CLANG_WARN_BOOL_CONVERSION = YES;
				CLANG_WARN_CONSTANT_CONVERSION = YES;
				CLANG_WARN_DIRECT_OBJC_ISA_USAGE = YES_ERROR;
				CLANG_WARN_EMPTY_BODY = YES;
				CLANG_WARN_ENUM_CONVERSION = YES;
				CLANG_WARN_INT_CONVERSION = YES;
				CLANG_WARN_OBJC_ROOT_CLASS = YES_ERROR;
				CLANG_WARN_UNREACHABLE_CODE = YES;
				CLANG_WARN__DUPLICATE_METHOD_MATCH = YES;
				"CODE_SIGN_IDENTITY[sdk=iphoneos*]" = "iPhone Developer";
				COPY_PHASE_STRIP = NO;
				DEBUG_INFORMATION_FORMAT = dwarf;
				ENABLE_STRICT_OBJC_MSGSEND = YES;
				ENABLE_TESTABILITY = YES;
				GCC_C_LANGUAGE_STANDARD = gnu99;
				GCC_DYNAMIC_NO_PIC = NO;
				GCC_NO_COMMON_BLOCKS = YES;
				GCC_OPTIMIZATION_LEVEL = 0;
				GCC_PREPROCESSOR_DEFINITIONS = (
					"DEBUG=1",
					"$(inherited)",
				);
				GCC_WARN_64_TO_32_BIT_CONVERSION = YES;
				GCC_WARN_ABOUT_RETURN_TYPE = YES_ERROR;
				GCC_WARN_UNDECLARED_SELECTOR = YES;
				GCC_WARN_UNINITIALIZED_AUTOS = YES_AGGRESSIVE;
				GCC_WARN_UNUSED_FUNCTION = YES;
				GCC_WARN_UNUSED_VARIABLE = YES;
				IPHONEOS_DEPLOYMENT_TARGET = 9.2;
				MTL_ENABLE_DEBUG_INFO = YES;
				ONLY_ACTIVE_ARCH = YES;
				SDKROOT = iphoneos;
				SWIFT_OPTIMIZATION_LEVEL = "-Onone";
			};
			name = Debug;
		};
		61BDBD7C1C98961300271653 /* Release */ = {
			isa = XCBuildConfiguration;
			buildSettings = {
				ALWAYS_SEARCH_USER_PATHS = NO;
				CLANG_CXX_LANGUAGE_STANDARD = "gnu++0x";
				CLANG_CXX_LIBRARY = "libc++";
				CLANG_ENABLE_MODULES = YES;
				CLANG_ENABLE_OBJC_ARC = YES;
				CLANG_WARN_BOOL_CONVERSION = YES;
				CLANG_WARN_CONSTANT_CONVERSION = YES;
				CLANG_WARN_DIRECT_OBJC_ISA_USAGE = YES_ERROR;
				CLANG_WARN_EMPTY_BODY = YES;
				CLANG_WARN_ENUM_CONVERSION = YES;
				CLANG_WARN_INT_CONVERSION = YES;
				CLANG_WARN_OBJC_ROOT_CLASS = YES_ERROR;
				CLANG_WARN_UNREACHABLE_CODE = YES;
				CLANG_WARN__DUPLICATE_METHOD_MATCH = YES;
				"CODE_SIGN_IDENTITY[sdk=iphoneos*]" = "iPhone Developer";
				COPY_PHASE_STRIP = NO;
				DEBUG_INFORMATION_FORMAT = "dwarf-with-dsym";
				ENABLE_NS_ASSERTIONS = NO;
				ENABLE_STRICT_OBJC_MSGSEND = YES;
				GCC_C_LANGUAGE_STANDARD = gnu99;
				GCC_NO_COMMON_BLOCKS = YES;
				GCC_WARN_64_TO_32_BIT_CONVERSION = YES;
				GCC_WARN_ABOUT_RETURN_TYPE = YES_ERROR;
				GCC_WARN_UNDECLARED_SELECTOR = YES;
				GCC_WARN_UNINITIALIZED_AUTOS = YES_AGGRESSIVE;
				GCC_WARN_UNUSED_FUNCTION = YES;
				GCC_WARN_UNUSED_VARIABLE = YES;
				IPHONEOS_DEPLOYMENT_TARGET = 9.2;
				MTL_ENABLE_DEBUG_INFO = NO;
				SDKROOT = iphoneos;
				VALIDATE_PRODUCT = YES;
			};
			name = Release;
		};
		61BDBD7E1C98961300271653 /* Debug */ = {
			isa = XCBuildConfiguration;
			buildSettings = {
				ASSETCATALOG_COMPILER_APPICON_NAME = AppIcon;
				CODE_SIGN_IDENTITY = "iPhone Developer";
				"CODE_SIGN_IDENTITY[sdk=iphoneos*]" = "iPhone Developer";
				INFOPLIST_FILE = UK_Longtrack_Skaters/Info.plist;
				LD_RUNPATH_SEARCH_PATHS = "$(inherited) @executable_path/Frameworks";
				PRODUCT_BUNDLE_IDENTIFIER = "com.antoncarter.net.UK-Longtrack-Skaters";
				PRODUCT_NAME = "UK Longtrack";
				PROVISIONING_PROFILE = "";
			};
			name = Debug;
		};
		61BDBD7F1C98961300271653 /* Release */ = {
			isa = XCBuildConfiguration;
			buildSettings = {
				ASSETCATALOG_COMPILER_APPICON_NAME = AppIcon;
				CODE_SIGN_IDENTITY = "iPhone Developer";
				"CODE_SIGN_IDENTITY[sdk=iphoneos*]" = "iPhone Developer";
				INFOPLIST_FILE = UK_Longtrack_Skaters/Info.plist;
				LD_RUNPATH_SEARCH_PATHS = "$(inherited) @executable_path/Frameworks";
				PRODUCT_BUNDLE_IDENTIFIER = "com.antoncarter.net.UK-Longtrack-Skaters";
				PRODUCT_NAME = "UK Longtrack";
				PROVISIONING_PROFILE = "";
			};
			name = Release;
		};
		61BDBD811C98961300271653 /* Debug */ = {
			isa = XCBuildConfiguration;
			buildSettings = {
				BUNDLE_LOADER = "$(TEST_HOST)";
				INFOPLIST_FILE = UK_Longtrack_SkatersTests/Info.plist;
				LD_RUNPATH_SEARCH_PATHS = "$(inherited) @executable_path/Frameworks @loader_path/Frameworks";
				PRODUCT_BUNDLE_IDENTIFIER = "com.antoncarter.net.UK-Longtrack-SkatersTests";
				PRODUCT_NAME = uk_longtrack_skaters.temp_caseinsensitive_renameTests;
				TEST_HOST = "$(BUILT_PRODUCTS_DIR)/uk_longtrack_skaters.temp_caseinsensitive_rename.app/uk_longtrack_skaters.temp_caseinsensitive_rename";
			};
			name = Debug;
		};
		61BDBD821C98961300271653 /* Release */ = {
			isa = XCBuildConfiguration;
			buildSettings = {
				BUNDLE_LOADER = "$(TEST_HOST)";
				INFOPLIST_FILE = UK_Longtrack_SkatersTests/Info.plist;
				LD_RUNPATH_SEARCH_PATHS = "$(inherited) @executable_path/Frameworks @loader_path/Frameworks";
				PRODUCT_BUNDLE_IDENTIFIER = "com.antoncarter.net.UK-Longtrack-SkatersTests";
				PRODUCT_NAME = uk_longtrack_skaters.temp_caseinsensitive_renameTests;
				TEST_HOST = "$(BUILT_PRODUCTS_DIR)/uk_longtrack_skaters.temp_caseinsensitive_rename.app/uk_longtrack_skaters.temp_caseinsensitive_rename";
			};
			name = Release;
		};
		61BDBD841C98961300271653 /* Debug */ = {
			isa = XCBuildConfiguration;
			buildSettings = {
				INFOPLIST_FILE = UK_Longtrack_SkatersUITests/Info.plist;
				LD_RUNPATH_SEARCH_PATHS = "$(inherited) @executable_path/Frameworks @loader_path/Frameworks";
				PRODUCT_BUNDLE_IDENTIFIER = "com.antoncarter.net.UK-Longtrack-SkatersUITests";
				PRODUCT_NAME = uk_longtrack_skaters.temp_caseinsensitive_renameTests;
				TEST_TARGET_NAME = UK_Longtrack_Skaters;
				USES_XCTRUNNER = YES;
			};
			name = Debug;
		};
		61BDBD851C98961300271653 /* Release */ = {
			isa = XCBuildConfiguration;
			buildSettings = {
				INFOPLIST_FILE = UK_Longtrack_SkatersUITests/Info.plist;
				LD_RUNPATH_SEARCH_PATHS = "$(inherited) @executable_path/Frameworks @loader_path/Frameworks";
				PRODUCT_BUNDLE_IDENTIFIER = "com.antoncarter.net.UK-Longtrack-SkatersUITests";
				PRODUCT_NAME = uk_longtrack_skaters.temp_caseinsensitive_renameTests;
				TEST_TARGET_NAME = UK_Longtrack_Skaters;
				USES_XCTRUNNER = YES;
			};
			name = Release;
		};
/* End XCBuildConfiguration section */

/* Begin XCConfigurationList section */
		61BDBD4E1C98961300271653 /* Build configuration list for PBXProject "uk_longtrack_skaters" */ = {
			isa = XCConfigurationList;
			buildConfigurations = (
				61BDBD7B1C98961300271653 /* Debug */,
				61BDBD7C1C98961300271653 /* Release */,
			);
			defaultConfigurationIsVisible = 0;
			defaultConfigurationName = Release;
		};
		61BDBD7D1C98961300271653 /* Build configuration list for PBXNativeTarget "UK_Longtrack_Skaters" */ = {
			isa = XCConfigurationList;
			buildConfigurations = (
				61BDBD7E1C98961300271653 /* Debug */,
				61BDBD7F1C98961300271653 /* Release */,
			);
			defaultConfigurationIsVisible = 0;
			defaultConfigurationName = Release;
		};
		61BDBD801C98961300271653 /* Build configuration list for PBXNativeTarget "UK_Longtrack_SkatersTests" */ = {
			isa = XCConfigurationList;
			buildConfigurations = (
				61BDBD811C98961300271653 /* Debug */,
				61BDBD821C98961300271653 /* Release */,
			);
			defaultConfigurationIsVisible = 0;
			defaultConfigurationName = Release;
		};
		61BDBD831C98961300271653 /* Build configuration list for PBXNativeTarget "UK_Longtrack_SkatersUITests" */ = {
			isa = XCConfigurationList;
			buildConfigurations = (
				61BDBD841C98961300271653 /* Debug */,
				61BDBD851C98961300271653 /* Release */,
			);
			defaultConfigurationIsVisible = 0;
			defaultConfigurationName = Release;
		};
/* End XCConfigurationList section */
	};
	rootObject = 61BDBD4B1C98961300271653 /* Project object */;
}
